{
  "nodes": {
    "coc.nvim": {
      "flake": false,
      "locked": {
        "lastModified": 1615615658,
        "narHash": "sha256-VC+8gka5Uz4AdIybZcyOkPdPEpC0TjYLlo/QvMjGlmY=",
        "owner": "gcoakes",
        "repo": "coc.nvim",
        "rev": "7133e7d4ef64799d7bc5c607a6e4074460c21765",
        "type": "github"
      },
      "original": {
        "owner": "gcoakes",
        "ref": "release",
        "repo": "coc.nvim",
        "type": "github"
      }
    },
    "dod-pki": {
      "flake": false,
      "locked": {
        "narHash": "sha256-mO0U5o8BWyhCcVPkjSzlXVUcaYg/dGhfFwM0EO96U+o=",
        "type": "tarball",
        "url": "https://dl.dod.cyber.mil/wp-content/uploads/pki-pke/zip/certificates_pkcs7_v5-10_wcf.zip"
      },
      "original": {
        "type": "tarball",
        "url": "https://dl.dod.cyber.mil/wp-content/uploads/pki-pke/zip/certificates_pkcs7_v5-10_wcf.zip"
      }
    },
    "dracula-sublime": {
      "flake": false,
      "locked": {
        "lastModified": 1598246102,
        "narHash": "sha256-XAwxdmhI6aV7CUnWaR80BzKbESb82cvu9mvsjp7a3Kw=",
        "owner": "dracula",
        "repo": "sublime",
        "rev": "c2de0acf5af67042393cf70de68013153c043656",
        "type": "github"
      },
      "original": {
        "owner": "dracula",
        "repo": "sublime",
        "type": "github"
      }
    },
    "flake-utils": {
      "locked": {
        "lastModified": 1614513358,
        "narHash": "sha256-LakhOx3S1dRjnh0b5Dg3mbZyH0ToC9I8Y2wKSkBaTzU=",
        "owner": "numtide",
        "repo": "flake-utils",
        "rev": "5466c5bbece17adaab2d82fae80b46e807611bf3",
        "type": "github"
      },
      "original": {
        "owner": "numtide",
        "repo": "flake-utils",
        "type": "github"
      }
    },
    "home-manager": {
      "inputs": {
        "nixpkgs": [
          "nixpkgs"
        ]
      },
      "locked": {
        "lastModified": 1616815633,
        "narHash": "sha256-U9DO04sb+8Qy13EJckxOJIxT2Vlc/8i089XkfBnXH0M=",
        "owner": "nix-community",
        "repo": "home-manager",
        "rev": "7b30fc99227e6c7c331a01a9fb87599e4cd8cee1",
        "type": "github"
      },
      "original": {
        "owner": "nix-community",
        "repo": "home-manager",
        "type": "github"
      }
    },
    "kitty-themes": {
      "flake": false,
      "locked": {
        "lastModified": 1573943989,
        "narHash": "sha256-DBvkVxInRhKhx5S7dzz5bcSFCf1h6A27h+lIPIXLr4U=",
        "owner": "dexpota",
        "repo": "kitty-themes",
        "rev": "fca3335489bdbab4cce150cb440d3559ff5400e2",
        "type": "github"
      },
      "original": {
        "owner": "dexpota",
        "repo": "kitty-themes",
        "type": "github"
      }
    },
    "lutris-skyrimse-installers": {
      "flake": false,
      "locked": {
        "lastModified": 1603547893,
        "narHash": "sha256-KXARTt4nPO2YL3i0fYnn9bBhk5tCayr3cJzTbz+AZyI=",
        "owner": "rockerbacon",
        "repo": "lutris-skyrimse-installers",
        "rev": "076fe7cd13f7c774717dd3b05727dbba8de69b0d",
        "type": "github"
      },
      "original": {
        "owner": "rockerbacon",
        "repo": "lutris-skyrimse-installers",
        "type": "github"
      }
    },
    "nixos-wsl": {
      "inputs": {
        "flake-utils": [
          "flake-utils"
        ],
        "nixpkgs": [
          "nixpkgs"
        ]
      },
      "locked": {
        "lastModified": 1615951654,
        "narHash": "sha256-IFV4Xl+r92RwaevKTJIUVo/OLMdjlHQTkidnu0noY0M=",
        "owner": "gcoakes",
        "repo": "NixOS-WSL",
        "rev": "f5d18400a2a8a2761f7121617d1ed3aff16b6c33",
        "type": "github"
      },
      "original": {
        "owner": "gcoakes",
        "ref": "modularize",
        "repo": "NixOS-WSL",
        "type": "github"
      }
    },
    "nixpkgs": {
      "locked": {
        "lastModified": 1616527350,
        "narHash": "sha256-VkMevY2WLU+K7T/P4wVj18Ms8zyeRfp05ILf556m5Y8=",
        "owner": "NixOS",
        "repo": "nixpkgs",
        "rev": "d3f7e969b9860fb80750147aeb56dab1c730e756",
        "type": "github"
      },
      "original": {
        "owner": "NixOS",
        "ref": "nixos-unstable",
        "repo": "nixpkgs",
        "type": "github"
      }
    },
    "root": {
      "inputs": {
        "coc.nvim": "coc.nvim",
        "dod-pki": "dod-pki",
        "dracula-sublime": "dracula-sublime",
        "flake-utils": "flake-utils",
        "home-manager": "home-manager",
        "kitty-themes": "kitty-themes",
        "lutris-skyrimse-installers": "lutris-skyrimse-installers",
        "nixos-wsl": "nixos-wsl",
        "nixpkgs": "nixpkgs",
        "theme-agnoster": "theme-agnoster",
        "vim-licenses": "vim-licenses"
      }
    },
    "theme-agnoster": {
      "flake": false,
      "locked": {
        "lastModified": 1611327971,
        "narHash": "sha256-RVzeAYJAhItzxiD1XxEX7q4qGYU0PKO18oobPT4kaZo=",
        "owner": "oh-my-fish",
        "repo": "theme-agnoster",
        "rev": "43860ce1536930bca689470e26083b0a5b7bd6ae",
        "type": "github"
      },
      "original": {
        "owner": "oh-my-fish",
        "repo": "theme-agnoster",
        "type": "github"
      }
    },
    "vim-licenses": {
      "flake": false,
      "locked": {
        "lastModified": 1591704951,
        "narHash": "sha256-Xg1mD3FbNw5/u3z5uJ4v5xePI9ygyO2EhGcdZd50hss=",
        "owner": "antoyo",
        "repo": "vim-licenses",
        "rev": "63a7c392352a2b834e1fd8d78f2b5b6d3e1f37bc",
        "type": "github"
      },
      "original": {
        "owner": "antoyo",
        "repo": "vim-licenses",
        "type": "github"
      }
    }
  },
  "root": "root",
  "version": 7
}
